PODS:
  - BasicDrawerViewController (0.1.0)

DEPENDENCIES:
  - BasicDrawerViewController (from `../`)

EXTERNAL SOURCES:
  BasicDrawerViewController:
    :path: "../"

SPEC CHECKSUMS:
  BasicDrawerViewController: 809de17bf7bd6ecacab7d0043a2683e8c963954b

PODFILE CHECKSUM: b9afc98685df9e202d181dac6dcff0f5311d4e84

COCOAPODS: 1.11.3
