PODS:
  - BasicDrawerViewController (0.3.3)

DEPENDENCIES:
  - BasicDrawerViewController (from `../`)

EXTERNAL SOURCES:
  BasicDrawerViewController:
    :path: "../"

SPEC CHECKSUMS:
  BasicDrawerViewController: 158db673a666098f8c520c4cf636d1ad8448cac7

PODFILE CHECKSUM: b9afc98685df9e202d181dac6dcff0f5311d4e84

COCOAPODS: 1.11.3
